
Microsoft Visual Studio Solution File, Format Version 12.00
# Visual Studio 15
VisualStudioVersion = 15.0.28307.705
MinimumVisualStudioVersion = 10.0.40219.1
Project("{9A19103F-16F7-4668-BE54-9A1E7A4F7556}") = "UserRegAPI", "UserRegAPI.csproj", "{A68D7B71-9811-4731-8ED1-CB585FD42643}"
EndProject
Global
	GlobalSection(SolutionConfigurationPlatforms) = preSolution
		Debug|Any CPU = Debug|Any CPU
		Release|Any CPU = Release|Any CPU
	EndGlobalSection
	GlobalSection(ProjectConfigurationPlatforms) = postSolution
		{A68D7B71-9811-4731-8ED1-CB585FD42643}.Debug|Any CPU.ActiveCfg = Debug|Any CPU
		{A68D7B71-9811-4731-8ED1-CB585FD42643}.Debug|Any CPU.Build.0 = Debug|Any CPU
		{A68D7B71-9811-4731-8ED1-CB585FD42643}.Release|Any CPU.ActiveCfg = Release|Any CPU
		{A68D7B71-9811-4731-8ED1-CB585FD42643}.Release|Any CPU.Build.0 = Release|Any CPU
	EndGlobalSection
	GlobalSection(SolutionProperties) = preSolution
		HideSolutionNode = FALSE
	EndGlobalSection
	GlobalSection(ExtensibilityGlobals) = postSolution
		SolutionGuid = {B99DC016-8DA8-4D78-8AD2-41D7D083076B}
	EndGlobalSection
EndGlobal
